PODS:
  - Alamofire (5.8.1)
  - GoogleMaps (3.7.0):
    - GoogleMaps/Maps (= 3.7.0)
  - GoogleMaps/Base (3.7.0)
  - GoogleMaps/Maps (3.7.0):
    - GoogleMaps/Base
  - SwiftyJSON (5.0.1)

DEPENDENCIES:
  - Alamofire
  - GoogleMaps (= 3.7.0)
  - SwiftyJSON

SPEC REPOS:
  https://github.com/CocoaPods/Specs.git:
    - Alamofire
    - GoogleMaps
    - SwiftyJSON

SPEC CHECKSUMS:
  Alamofire: 3ca42e259043ee0dc5c0cdd76c4bc568b8e42af7
  GoogleMaps: 55da829c68aa931f3ae982b9e341cc2f3d89c587
  SwiftyJSON: 2f33a42c6fbc52764d96f13368585094bfd8aa5e

PODFILE CHECKSUM: a92d57826ea43f797e92d3debb9e7590ebebc066

COCOAPODS: 1.8.4
